
Microsoft Visual Studio Solution File, Format Version 12.00
# Visual Studio Version 17
VisualStudioVersion = 17.0.32126.317
MinimumVisualStudioVersion = 10.0.40219.1
Project("{9A19103F-16F7-4668-BE54-9A1E7A4F7556}") = "ProvaPresencial", "ProvaPresencial\ProvaPresencial.csproj", "{BC0D9370-3F6F-415C-95E5-ADCAA35E9D4A}"
EndProject
Project("{FAE04EC0-301F-11D3-BF4B-00C04F79EFBC}") = "Exercicio2EsquerdaVolver", "Exercicio2EsquerdaVolver\Exercicio2EsquerdaVolver.csproj", "{C05C2AFB-8491-4054-9A33-01B2B2551D43}"
EndProject
Global
	GlobalSection(SolutionConfigurationPlatforms) = preSolution
		Debug|Any CPU = Debug|Any CPU
		Release|Any CPU = Release|Any CPU
	EndGlobalSection
	GlobalSection(ProjectConfigurationPlatforms) = postSolution
		{BC0D9370-3F6F-415C-95E5-ADCAA35E9D4A}.Debug|Any CPU.ActiveCfg = Debug|Any CPU
		{BC0D9370-3F6F-415C-95E5-ADCAA35E9D4A}.Debug|Any CPU.Build.0 = Debug|Any CPU
		{BC0D9370-3F6F-415C-95E5-ADCAA35E9D4A}.Release|Any CPU.ActiveCfg = Release|Any CPU
		{BC0D9370-3F6F-415C-95E5-ADCAA35E9D4A}.Release|Any CPU.Build.0 = Release|Any CPU
		{C05C2AFB-8491-4054-9A33-01B2B2551D43}.Debug|Any CPU.ActiveCfg = Debug|Any CPU
		{C05C2AFB-8491-4054-9A33-01B2B2551D43}.Debug|Any CPU.Build.0 = Debug|Any CPU
		{C05C2AFB-8491-4054-9A33-01B2B2551D43}.Release|Any CPU.ActiveCfg = Release|Any CPU
		{C05C2AFB-8491-4054-9A33-01B2B2551D43}.Release|Any CPU.Build.0 = Release|Any CPU
	EndGlobalSection
	GlobalSection(SolutionProperties) = preSolution
		HideSolutionNode = FALSE
	EndGlobalSection
	GlobalSection(ExtensibilityGlobals) = postSolution
		SolutionGuid = {5C604CCD-5F97-4010-82DB-C05C5F09C84E}
	EndGlobalSection
EndGlobal
